
Microsoft Visual Studio Solution File, Format Version 12.00
# Visual Studio Version 17
VisualStudioVersion = 17.13.35931.197 d17.13
MinimumVisualStudioVersion = 10.0.40219.1
Project("{888888A0-9F3D-457C-B088-3A5042F75D52}") = "KZ OS Sim", "KZ OS Sim.pyproj", "{B86E82FC-F39E-40C8-AEAE-203450FCF248}"
EndProject
Global
	GlobalSection(SolutionConfigurationPlatforms) = preSolution
		Debug|Any CPU = Debug|Any CPU
		Release|Any CPU = Release|Any CPU
	EndGlobalSection
	GlobalSection(ProjectConfigurationPlatforms) = postSolution
		{B86E82FC-F39E-40C8-AEAE-203450FCF248}.Debug|Any CPU.ActiveCfg = Debug|Any CPU
		{B86E82FC-F39E-40C8-AEAE-203450FCF248}.Release|Any CPU.ActiveCfg = Release|Any CPU
	EndGlobalSection
	GlobalSection(SolutionProperties) = preSolution
		HideSolutionNode = FALSE
	EndGlobalSection
	GlobalSection(ExtensibilityGlobals) = postSolution
		SolutionGuid = {BEEC83AC-87A8-4E7B-8B09-AC12393BBC95}
	EndGlobalSection
EndGlobal
